
Microsoft Visual Studio Solution File, Format Version 12.00
# Visual Studio Version 17
VisualStudioVersion = 17.14.36915.13 d17.14
MinimumVisualStudioVersion = 10.0.40219.1
Project("{FAE04EC0-301F-11D3-BF4B-00C04F79EFBC}") = "CLDV2026", "CLDV2026\CLDV2026.csproj", "{0484F608-F658-42E0-8558-FBDE2C359E1E}"
EndProject
Global
	GlobalSection(SolutionConfigurationPlatforms) = preSolution
		Debug|Any CPU = Debug|Any CPU
		Release|Any CPU = Release|Any CPU
	EndGlobalSection
	GlobalSection(ProjectConfigurationPlatforms) = postSolution
		{0484F608-F658-42E0-8558-FBDE2C359E1E}.Debug|Any CPU.ActiveCfg = Debug|Any CPU
		{0484F608-F658-42E0-8558-FBDE2C359E1E}.Debug|Any CPU.Build.0 = Debug|Any CPU
		{0484F608-F658-42E0-8558-FBDE2C359E1E}.Release|Any CPU.ActiveCfg = Release|Any CPU
		{0484F608-F658-42E0-8558-FBDE2C359E1E}.Release|Any CPU.Build.0 = Release|Any CPU
	EndGlobalSection
	GlobalSection(SolutionProperties) = preSolution
		HideSolutionNode = FALSE
	EndGlobalSection
	GlobalSection(ExtensibilityGlobals) = postSolution
		SolutionGuid = {63D9DD5F-E3FA-41F6-8DE7-46CB4558F3B4}
	EndGlobalSection
EndGlobal
